<?xml version="1.0" encoding="utf-8"?>
<Project ToolsVersion="4.0" xmlns="http://schemas.microsoft.com/developer/msbuild/2003">
  <ItemGroup>
    <Filter Include="Source Files">
      <UniqueIdentifier>{4FC737F1-C7A5-4376-A066-2A32D752A2FF}</UniqueIdentifier>
      <Extensions>cpp;c;cc;cxx;def;odl;idl;hpj;bat;asm;asmx</Extensions>
    </Filter>
    <Filter Include="Header Files">
      <UniqueIdentifier>{93995380-89BD-4b04-88EB-625FBE52EBFB}</UniqueIdentifier>
      <Extensions>h;hpp;hxx;hm;inl;inc;xsd</Extensions>
    </Filter>
    <Filter Include="Resource Files">
      <UniqueIdentifier>{67DA6AB6-F800-4c08-8B7A-83BB121AAD01}</UniqueIdentifier>
      <Extensions>rc;ico;cur;bmp;dlg;rc2;rct;bin;rgs;gif;jpg;jpeg;jpe;resx;tiff;tif;png;wav;mfcribbon-ms</Extensions>
    </Filter>
  </ItemGroup>
  <ItemGroup>
    <ClInclude Include="Interfaces\Render\render.h">
      <Filter>Header Files</Filter>
    </ClInclude>
    <ClInclude Include="Interfaces\OS\OS.h">
      <Filter>Header Files</Filter>
    </ClInclude>
    <ClInclude Include="Implementations\OS\Windows\Context.h">
      <Filter>Header Files</Filter>
    </ClInclude>
    <ClInclude Include="Implementations\OS\Windows\Window.h">
      <Filter>Header Files</Filter>
    </ClInclude>
    <ClInclude Include="Implementations\OS\Windows\Windows.h">
      <Filter>Header Files</Filter>
    </ClInclude>
    <ClInclude Include="Implementations\Render\Direct3D9\Context.h">
      <Filter>Header Files</Filter>
    </ClInclude>
    <ClInclude Include="Implementations\Render\Direct3D9\Direct3D9.h">
      <Filter>Header Files</Filter>
    </ClInclude>
    <ClInclude Include="UI\Controls\Context.h">
      <Filter>Header Files</Filter>
    </ClInclude>
    <ClInclude Include="Utility\assert.h">
      <Filter>Header Files</Filter>
    </ClInclude>
    <ClInclude Include="Implementations\Render\Direct3D9\2D\Font.h">
      <Filter>Header Files</Filter>
    </ClInclude>
    <ClInclude Include="Implementations\Render\Direct3D9\2D\Label.h">
      <Filter>Header Files</Filter>
    </ClInclude>
    <ClInclude Include="Implementations\Render\Direct3D9\2D\Sprite.h">
      <Filter>Header Files</Filter>
    </ClInclude>
    <ClInclude Include="Implementations\Render\Direct3D9\2D\Texture.h">
      <Filter>Header Files</Filter>
    </ClInclude>
    <ClInclude Include="Implementations\Render\Direct3D9\3D\Mesh.h">
      <Filter>Header Files</Filter>
    </ClInclude>
    <ClInclude Include="Implementations\Render\Direct3D9\2D\Scene.h">
      <Filter>Header Files</Filter>
    </ClInclude>
    <ClInclude Include="Implementations\Render\Direct3D9\3D\Scene.h">
      <Filter>Header Files</Filter>
    </ClInclude>
    <ClInclude Include="Implementations\Render\Direct3D9\3D\Object.h">
      <Filter>Header Files</Filter>
    </ClInclude>
    <ClInclude Include="Sim\Context.h">
      <Filter>Header Files</Filter>
    </ClInclude>
    <ClInclude Include="Sim\Unit.h">
      <Filter>Header Files</Filter>
    </ClInclude>
    <ClInclude Include="Sim\Player.h">
      <Filter>Header Files</Filter>
    </ClInclude>
    <ClInclude Include="Sim\Projectile.h">
      <Filter>Header Files</Filter>
    </ClInclude>
    <ClInclude Include="Math\ClampedFloat.h">
      <Filter>Header Files</Filter>
    </ClInclude>
    <ClInclude Include="Math\colour.h">
      <Filter>Header Files</Filter>
    </ClInclude>
    <ClInclude Include="Math\Octree.h">
      <Filter>Header Files</Filter>
    </ClInclude>
    <ClInclude Include="Math\Point.h">
      <Filter>Header Files</Filter>
    </ClInclude>
    <ClInclude Include="Math\vector.h">
      <Filter>Header Files</Filter>
    </ClInclude>
    <ClInclude Include="Implementations\Render\Direct3D9\3D\Blueprint.h">
      <Filter>Header Files</Filter>
    </ClInclude>
    <ClInclude Include="Implementations\Render\Direct3D9\gpu_buffer.h">
      <Filter>Header Files</Filter>
    </ClInclude>
    <ClInclude Include="Implementations\Render\Direct3D9\3D\Line.h">
      <Filter>Header Files</Filter>
    </ClInclude>
    <ClInclude Include="Implementations\Render\Direct3D9\3D\Camera.h">
      <Filter>Header Files</Filter>
    </ClInclude>
    <ClInclude Include="UIFolder\InGame\LuaContext.h">
      <Filter>Header Files</Filter>
    </ClInclude>
    <ClInclude Include="UIFolder\InGame\CPPContext.h">
      <Filter>Header Files</Filter>
    </ClInclude>
    <ClInclude Include="Lua\lapi.h">
      <Filter>Header Files</Filter>
    </ClInclude>
    <ClInclude Include="Lua\lauxlib.h">
      <Filter>Header Files</Filter>
    </ClInclude>
    <ClInclude Include="Lua\lcode.h">
      <Filter>Header Files</Filter>
    </ClInclude>
    <ClInclude Include="Lua\ldebug.h">
      <Filter>Header Files</Filter>
    </ClInclude>
    <ClInclude Include="Lua\ldo.h">
      <Filter>Header Files</Filter>
    </ClInclude>
    <ClInclude Include="Lua\lfunc.h">
      <Filter>Header Files</Filter>
    </ClInclude>
    <ClInclude Include="Lua\lgc.h">
      <Filter>Header Files</Filter>
    </ClInclude>
    <ClInclude Include="Lua\llex.h">
      <Filter>Header Files</Filter>
    </ClInclude>
    <ClInclude Include="Lua\llimits.h">
      <Filter>Header Files</Filter>
    </ClInclude>
    <ClInclude Include="Lua\lmem.h">
      <Filter>Header Files</Filter>
    </ClInclude>
    <ClInclude Include="Lua\lobject.h">
      <Filter>Header Files</Filter>
    </ClInclude>
    <ClInclude Include="Lua\lopcodes.h">
      <Filter>Header Files</Filter>
    </ClInclude>
    <ClInclude Include="Lua\lparser.h">
      <Filter>Header Files</Filter>
    </ClInclude>
    <ClInclude Include="Lua\lstate.h">
      <Filter>Header Files</Filter>
    </ClInclude>
    <ClInclude Include="Lua\lstring.h">
      <Filter>Header Files</Filter>
    </ClInclude>
    <ClInclude Include="Lua\ltable.h">
      <Filter>Header Files</Filter>
    </ClInclude>
    <ClInclude Include="Lua\ltm.h">
      <Filter>Header Files</Filter>
    </ClInclude>
    <ClInclude Include="Lua\lua.h">
      <Filter>Header Files</Filter>
    </ClInclude>
    <ClInclude Include="Lua\luaconf.h">
      <Filter>Header Files</Filter>
    </ClInclude>
    <ClInclude Include="Lua\lualib.h">
      <Filter>Header Files</Filter>
    </ClInclude>
    <ClInclude Include="Lua\lundump.h">
      <Filter>Header Files</Filter>
    </ClInclude>
    <ClInclude Include="Lua\lvm.h">
      <Filter>Header Files</Filter>
    </ClInclude>
    <ClInclude Include="Lua\lzio.h">
      <Filter>Header Files</Filter>
    </ClInclude>
    <ClInclude Include="Sim\Blueprint.h">
      <Filter>Header Files</Filter>
    </ClInclude>
    <ClInclude Include="Sim\Map.h">
      <Filter>Header Files</Filter>
    </ClInclude>
    <ClInclude Include="Implementations\OS\Windows\Timer.h">
      <Filter>Header Files</Filter>
    </ClInclude>
    <ClInclude Include="Sim\Order.h">
      <Filter>Header Files</Filter>
    </ClInclude>
    <ClInclude Include="Utility\MemoryArena.h">
      <Filter>Header Files</Filter>
    </ClInclude>
    <ClInclude Include="Implementations\OS\Windows\EditBox.h">
      <Filter>Header Files</Filter>
    </ClInclude>
    <ClInclude Include="UIFolder\Controls\EditBox.h">
      <Filter>Header Files</Filter>
    </ClInclude>
    <ClInclude Include="Utility\make_unique.h">
      <Filter>Header Files</Filter>
    </ClInclude>
    <ClInclude Include="Utility\hash_set.h">
      <Filter>Header Files</Filter>
    </ClInclude>
    <ClInclude Include="Utility\hash_map.h">
      <Filter>Header Files</Filter>
    </ClInclude>
  </ItemGroup>
  <ItemGroup>
    <ClCompile Include="main.cpp">
      <Filter>Source Files</Filter>
    </ClCompile>
    <ClCompile Include="Implementations\OS\Windows\Window.cpp">
      <Filter>Source Files</Filter>
    </ClCompile>
    <ClCompile Include="Implementations\Render\Direct3D9\D3D9Context.cpp">
      <Filter>Source Files</Filter>
    </ClCompile>
    <ClCompile Include="Implementations\OS\Windows\WinContext.cpp">
      <Filter>Source Files</Filter>
    </ClCompile>
    <ClCompile Include="Implementations\Render\Direct3D9\2D\Label.cpp">
      <Filter>Source Files</Filter>
    </ClCompile>
    <ClCompile Include="Implementations\Render\Direct3D9\2D\Font.cpp">
      <Filter>Source Files</Filter>
    </ClCompile>
    <ClCompile Include="Implementations\Render\Direct3D9\2D\Sprite.cpp">
      <Filter>Source Files</Filter>
    </ClCompile>
    <ClCompile Include="Implementations\Render\Direct3D9\2D\Texture.cpp">
      <Filter>Source Files</Filter>
    </ClCompile>
    <ClCompile Include="Implementations\Render\Direct3D9\3D\Mesh.cpp">
      <Filter>Source Files</Filter>
    </ClCompile>
    <ClCompile Include="Implementations\Render\Direct3D9\2D\Scene2D.cpp">
      <Filter>Source Files</Filter>
    </ClCompile>
    <ClCompile Include="Implementations\Render\Direct3D9\3D\Scene3D.cpp">
      <Filter>Source Files</Filter>
    </ClCompile>
    <ClCompile Include="Implementations\Render\Direct3D9\3D\Object.cpp">
      <Filter>Source Files</Filter>
    </ClCompile>
    <ClCompile Include="Sim\SimContext.cpp">
      <Filter>Source Files</Filter>
    </ClCompile>
    <ClCompile Include="Sim\Unit.cpp">
      <Filter>Source Files</Filter>
    </ClCompile>
    <ClCompile Include="Sim\Player.cpp">
      <Filter>Source Files</Filter>
    </ClCompile>
    <ClCompile Include="Implementations\Render\Direct3D9\3D\Line.cpp">
      <Filter>Source Files</Filter>
    </ClCompile>
    <ClCompile Include="Implementations\Render\Direct3D9\3D\Blueprint.cpp">
      <Filter>Source Files</Filter>
    </ClCompile>
    <ClCompile Include="Implementations\Render\Direct3D9\3D\Camera.cpp">
      <Filter>Source Files</Filter>
    </ClCompile>
    <ClCompile Include="UIFolder\InGame\CPPContext.cpp">
      <Filter>Source Files</Filter>
    </ClCompile>
    <ClCompile Include="UIFolder\InGame\LuaContext.cpp">
      <Filter>Source Files</Filter>
    </ClCompile>
    <ClCompile Include="Lua\lapi.c">
      <Filter>Source Files</Filter>
    </ClCompile>
    <ClCompile Include="Lua\lauxlib.c">
      <Filter>Source Files</Filter>
    </ClCompile>
    <ClCompile Include="Lua\lbaselib.c">
      <Filter>Source Files</Filter>
    </ClCompile>
    <ClCompile Include="Lua\lcode.c">
      <Filter>Source Files</Filter>
    </ClCompile>
    <ClCompile Include="Lua\ldblib.c">
      <Filter>Source Files</Filter>
    </ClCompile>
    <ClCompile Include="Lua\ldebug.c">
      <Filter>Source Files</Filter>
    </ClCompile>
    <ClCompile Include="Lua\ldo.c">
      <Filter>Source Files</Filter>
    </ClCompile>
    <ClCompile Include="Lua\ldump.c">
      <Filter>Source Files</Filter>
    </ClCompile>
    <ClCompile Include="Lua\lfunc.c">
      <Filter>Source Files</Filter>
    </ClCompile>
    <ClCompile Include="Lua\lgc.c">
      <Filter>Source Files</Filter>
    </ClCompile>
    <ClCompile Include="Lua\linit.c">
      <Filter>Source Files</Filter>
    </ClCompile>
    <ClCompile Include="Lua\liolib.c">
      <Filter>Source Files</Filter>
    </ClCompile>
    <ClCompile Include="Lua\llex.c">
      <Filter>Source Files</Filter>
    </ClCompile>
    <ClCompile Include="Lua\lmathlib.c">
      <Filter>Source Files</Filter>
    </ClCompile>
    <ClCompile Include="Lua\lmem.c">
      <Filter>Source Files</Filter>
    </ClCompile>
    <ClCompile Include="Lua\loadlib.c">
      <Filter>Source Files</Filter>
    </ClCompile>
    <ClCompile Include="Lua\lobject.c">
      <Filter>Source Files</Filter>
    </ClCompile>
    <ClCompile Include="Lua\lopcodes.c">
      <Filter>Source Files</Filter>
    </ClCompile>
    <ClCompile Include="Lua\loslib.c">
      <Filter>Source Files</Filter>
    </ClCompile>
    <ClCompile Include="Lua\lparser.c">
      <Filter>Source Files</Filter>
    </ClCompile>
    <ClCompile Include="Lua\lstate.c">
      <Filter>Source Files</Filter>
    </ClCompile>
    <ClCompile Include="Lua\lstring.c">
      <Filter>Source Files</Filter>
    </ClCompile>
    <ClCompile Include="Lua\lstrlib.c">
      <Filter>Source Files</Filter>
    </ClCompile>
    <ClCompile Include="Lua\ltable.c">
      <Filter>Source Files</Filter>
    </ClCompile>
    <ClCompile Include="Lua\ltablib.c">
      <Filter>Source Files</Filter>
    </ClCompile>
    <ClCompile Include="Lua\ltm.c">
      <Filter>Source Files</Filter>
    </ClCompile>
    <ClCompile Include="Lua\lua.c">
      <Filter>Source Files</Filter>
    </ClCompile>
    <ClCompile Include="Lua\luac.c">
      <Filter>Source Files</Filter>
    </ClCompile>
    <ClCompile Include="Lua\lundump.c">
      <Filter>Source Files</Filter>
    </ClCompile>
    <ClCompile Include="Lua\lvm.c">
      <Filter>Source Files</Filter>
    </ClCompile>
    <ClCompile Include="Lua\lzio.c">
      <Filter>Source Files</Filter>
    </ClCompile>
    <ClCompile Include="Lua\print.c">
      <Filter>Source Files</Filter>
    </ClCompile>
    <ClCompile Include="Implementations\OS\Windows\Timer.cpp">
      <Filter>Source Files</Filter>
    </ClCompile>
    <ClCompile Include="Sim\Order.cpp">
      <Filter>Source Files</Filter>
    </ClCompile>
  </ItemGroup>
  <ItemGroup>
    <Image Include="Resources\Images\example.bmp">
      <Filter>Resource Files</Filter>
    </Image>
  </ItemGroup>
  <ItemGroup>
    <None Include="Resources\Scripts\System\import.lua" />
    <None Include="Resources\Scripts\System\repr.lua" />
    <None Include="Resources\Scripts\Classes\vector.lua" />
    <None Include="Resources\Scripts\UI\Camera.lua" />
    <None Include="Resources\Scripts\UI\Unit.lua" />
    <None Include="Resources\Scripts\UI\Main.lua" />
    <None Include="Resources\Scripts\Classes\Quaternion.lua" />
  </ItemGroup>
</Project>